
Microsoft Visual Studio Solution File, Format Version 11.00
# Visual Studio 2010
Project("{FAE04EC0-301F-11D3-BF4B-00C04F79EFBC}") = "AnikiFight", "Assembly-CSharp.csproj", "{2CE2612F-DFFE-0539-F260-07041EE6B0C7}"
EndProject
Project("{FAE04EC0-301F-11D3-BF4B-00C04F79EFBC}") = "AnikiFight", "Assembly-CSharp-Editor.csproj", "{A2FFC79C-DE8A-0CBD-6978-BACE58CAAE01}"
EndProject
Global
	GlobalSection(SolutionConfigurationPlatforms) = preSolution
		Debug|Any CPU = Debug|Any CPU
		Release|Any CPU = Release|Any CPU
	EndGlobalSection
	GlobalSection(ProjectConfigurationPlatforms) = postSolution
		{2CE2612F-DFFE-0539-F260-07041EE6B0C7}.Debug|Any CPU.ActiveCfg = Debug|Any CPU
		{2CE2612F-DFFE-0539-F260-07041EE6B0C7}.Debug|Any CPU.Build.0 = Debug|Any CPU
		{2CE2612F-DFFE-0539-F260-07041EE6B0C7}.Release|Any CPU.ActiveCfg = Release|Any CPU
		{2CE2612F-DFFE-0539-F260-07041EE6B0C7}.Release|Any CPU.Build.0 = Release|Any CPU
		{A2FFC79C-DE8A-0CBD-6978-BACE58CAAE01}.Debug|Any CPU.ActiveCfg = Debug|Any CPU
		{A2FFC79C-DE8A-0CBD-6978-BACE58CAAE01}.Debug|Any CPU.Build.0 = Debug|Any CPU
		{A2FFC79C-DE8A-0CBD-6978-BACE58CAAE01}.Release|Any CPU.ActiveCfg = Release|Any CPU
		{A2FFC79C-DE8A-0CBD-6978-BACE58CAAE01}.Release|Any CPU.Build.0 = Release|Any CPU
	EndGlobalSection
	GlobalSection(SolutionProperties) = preSolution
		HideSolutionNode = FALSE
	EndGlobalSection
	GlobalSection(MonoDevelopProperties) = preSolution
		StartupItem = Assembly-CSharp.csproj
	EndGlobalSection
EndGlobal
